{
  "version": 4,
  "terraform_version": "1.8.3",
  "serial": 4,
  "lineage": "43a978fd-3c82-e9f8-c7d4-d92707e764d1",
  "outputs": {},
  "resources": [
    {
      "mode": "managed",
      "type": "local_file",
      "name": "bar",
      "provider": "provider[\"registry.terraform.io/hashicorp/local\"]",
      "instances": [
        {
          "schema_version": 0,
          "attributes": {
            "content": "bar!",
            "content_base64": null,
            "content_base64sha256": "5oe3SfLNk2FZI6L3Bfqs5AM/NdV8z8plLNw5YWqUo8I=",
            "content_base64sha512": "VsefHG45EmC85EGPSPpysV0kAveNz+q1rVoPqeeCbQQvU0uqL2FVcWPb8rOkDU9mk2y4Tj/XME5p+8h1nWC5+Q==",
            "content_md5": "bb0d3e2eb8e78f4a10d55415e8e4677f",
            "content_sha1": "3811e1a645e5371113584e6d18ff4843378ae590",
            "content_sha256": "e687b749f2cd93615923a2f705faace4033f35d57ccfca652cdc39616a94a3c2",
            "content_sha512": "56c79f1c6e391260bce4418f48fa72b15d2402f78dcfeab5ad5a0fa9e7826d042f534baa2f61557163dbf2b3a40d4f66936cb84e3fd7304e69fbc8759d60b9f9",
            "directory_permission": "0777",
            "file_permission": "0777",
            "filename": "bar.baz.qux",
            "id": "3811e1a645e5371113584e6d18ff4843378ae590",
            "sensitive_content": null,
            "source": null
          },
          "sensitive_attributes": [
            [
              {
                "type": "get_attr",
                "value": "sensitive_content"
              }
            ]
          ]
        }
      ]
    },
    {
      "mode": "managed",
      "type": "local_file",
      "name": "foo",
      "provider": "provider[\"registry.terraform.io/hashicorp/local\"]",
      "instances": [
        {
          "schema_version": 0,
          "attributes": {
            "content": "foo!",
            "content_base64": null,
            "content_base64sha256": "wOCqrqBQvPO+JsDCPVj6iQwN+3nIojAWtKhs0oym6nE=",
            "content_base64sha512": "TSCmPxazw2YStHurNILfRykjK/J4evgArH/2KnQuzQZodz4cq1f/ig2GeQO7mBI+Qx5jkTQEZxLCGs3mPtsB3Q==",
            "content_md5": "35af8b7a9490467f75f19c1e5459f7e7",
            "content_sha1": "4bf3e335199107182c6f7638efaad377acc7f452",
            "content_sha256": "c0e0aaaea050bcf3be26c0c23d58fa890c0dfb79c8a23016b4a86cd28ca6ea71",
            "content_sha512": "4d20a63f16b3c36612b47bab3482df4729232bf2787af800ac7ff62a742ecd0668773e1cab57ff8a0d867903bb98123e431e639134046712c21acde63edb01dd",
            "directory_permission": "0777",
            "file_permission": "0777",
            "filename": "foo.bar.baz",
            "id": "4bf3e335199107182c6f7638efaad377acc7f452",
            "sensitive_content": null,
            "source": null
          },
          "sensitive_attributes": [
            [
              {
                "type": "get_attr",
                "value": "sensitive_content"
              }
            ]
          ]
        }
      ]
    }
  ],
  "check_results": null
}
